
Microsoft Visual Studio Solution File, Format Version 12.00
# Visual Studio Version 17
VisualStudioVersion = 17.6.33815.320
MinimumVisualStudioVersion = 10.0.40219.1
Project("{FAE04EC0-301F-11D3-BF4B-00C04F79EFBC}") = "batch2sample", "batch2sample\batch2sample.csproj", "{BFC3CD6D-6F9A-43E2-AF49-B21CF84C97D2}"
EndProject
Global
	GlobalSection(SolutionConfigurationPlatforms) = preSolution
		Debug|Any CPU = Debug|Any CPU
		Release|Any CPU = Release|Any CPU
	EndGlobalSection
	GlobalSection(ProjectConfigurationPlatforms) = postSolution
		{BFC3CD6D-6F9A-43E2-AF49-B21CF84C97D2}.Debug|Any CPU.ActiveCfg = Debug|Any CPU
		{BFC3CD6D-6F9A-43E2-AF49-B21CF84C97D2}.Debug|Any CPU.Build.0 = Debug|Any CPU
		{BFC3CD6D-6F9A-43E2-AF49-B21CF84C97D2}.Release|Any CPU.ActiveCfg = Release|Any CPU
		{BFC3CD6D-6F9A-43E2-AF49-B21CF84C97D2}.Release|Any CPU.Build.0 = Release|Any CPU
	EndGlobalSection
	GlobalSection(SolutionProperties) = preSolution
		HideSolutionNode = FALSE
	EndGlobalSection
	GlobalSection(ExtensibilityGlobals) = postSolution
		SolutionGuid = {CC658CB0-C149-417C-B1B5-B18E17E84586}
	EndGlobalSection
EndGlobal
